
Microsoft Visual Studio Solution File, Format Version 12.00
# Visual Studio Version 17
VisualStudioVersion = 17.9.34728.123
MinimumVisualStudioVersion = 10.0.40219.1
Project("{FAE04EC0-301F-11D3-BF4B-00C04F79EFBC}") = "NizarAlHayek", "NizarAlHayek.csproj", "{CEFFAA8D-2A6B-4CD1-8040-AE5075AC5EAA}"
EndProject
Global
	GlobalSection(SolutionConfigurationPlatforms) = preSolution
		Debug|Any CPU = Debug|Any CPU
		Release|Any CPU = Release|Any CPU
	EndGlobalSection
	GlobalSection(ProjectConfigurationPlatforms) = postSolution
		{CEFFAA8D-2A6B-4CD1-8040-AE5075AC5EAA}.Debug|Any CPU.ActiveCfg = Debug|Any CPU
		{CEFFAA8D-2A6B-4CD1-8040-AE5075AC5EAA}.Debug|Any CPU.Build.0 = Debug|Any CPU
		{CEFFAA8D-2A6B-4CD1-8040-AE5075AC5EAA}.Release|Any CPU.ActiveCfg = Release|Any CPU
		{CEFFAA8D-2A6B-4CD1-8040-AE5075AC5EAA}.Release|Any CPU.Build.0 = Release|Any CPU
	EndGlobalSection
	GlobalSection(SolutionProperties) = preSolution
		HideSolutionNode = FALSE
	EndGlobalSection
	GlobalSection(ExtensibilityGlobals) = postSolution
		SolutionGuid = {65E9FFF1-DAAE-46D4-AAEA-68DD6BF51977}
	EndGlobalSection
EndGlobal
